PODS:
  - Flutter (1.0.0)
  - xue_hua_app_badge (0.0.1):
    - Flutter

DEPENDENCIES:
  - Flutter (from `Flutter`)
  - xue_hua_app_badge (from `.symlinks/plugins/xue_hua_app_badge/ios`)

EXTERNAL SOURCES:
  Flutter:
    :path: Flutter
  xue_hua_app_badge:
    :path: ".symlinks/plugins/xue_hua_app_badge/ios"

SPEC CHECKSUMS:
  Flutter: cabc95a1d2626b1b06e7179b784ebcf0c0cde467
  xue_hua_app_badge: 6649ae806b20c9983c9265e666fe2c32cde3b631

PODFILE CHECKSUM: 3c63482e143d1b91d2d2560aee9fb04ecc74ac7e

COCOAPODS: 1.16.2
